
Microsoft Visual Studio Solution File, Format Version 12.00
# Visual Studio Version 16
VisualStudioVersion = 16.0.30907.101
MinimumVisualStudioVersion = 10.0.40219.1
Project("{FAE04EC0-301F-11D3-BF4B-00C04F79EFBC}") = "Test Interface 1", "Test Interface 1\Test Interface 1.csproj", "{903181F8-CCD6-4E71-8F27-70F6F790018C}"
EndProject
Project("{FAE04EC0-301F-11D3-BF4B-00C04F79EFBC}") = "Test Interface 2", "Test Interface 2\Test Interface 2.csproj", "{B2DF5907-582E-4FB8-A5A9-EC38C8E9755E}"
EndProject
Project("{FAE04EC0-301F-11D3-BF4B-00C04F79EFBC}") = "Test Interface 3", "Test Interface 3\Test Interface 3.csproj", "{B838CF15-0740-4BFD-97EF-A48B40404DA0}"
EndProject
Global
	GlobalSection(SolutionConfigurationPlatforms) = preSolution
		Debug|Any CPU = Debug|Any CPU
		Release|Any CPU = Release|Any CPU
	EndGlobalSection
	GlobalSection(ProjectConfigurationPlatforms) = postSolution
		{903181F8-CCD6-4E71-8F27-70F6F790018C}.Debug|Any CPU.ActiveCfg = Debug|Any CPU
		{903181F8-CCD6-4E71-8F27-70F6F790018C}.Debug|Any CPU.Build.0 = Debug|Any CPU
		{903181F8-CCD6-4E71-8F27-70F6F790018C}.Release|Any CPU.ActiveCfg = Release|Any CPU
		{903181F8-CCD6-4E71-8F27-70F6F790018C}.Release|Any CPU.Build.0 = Release|Any CPU
		{B2DF5907-582E-4FB8-A5A9-EC38C8E9755E}.Debug|Any CPU.ActiveCfg = Debug|Any CPU
		{B2DF5907-582E-4FB8-A5A9-EC38C8E9755E}.Debug|Any CPU.Build.0 = Debug|Any CPU
		{B2DF5907-582E-4FB8-A5A9-EC38C8E9755E}.Release|Any CPU.ActiveCfg = Release|Any CPU
		{B2DF5907-582E-4FB8-A5A9-EC38C8E9755E}.Release|Any CPU.Build.0 = Release|Any CPU
		{B838CF15-0740-4BFD-97EF-A48B40404DA0}.Debug|Any CPU.ActiveCfg = Debug|Any CPU
		{B838CF15-0740-4BFD-97EF-A48B40404DA0}.Debug|Any CPU.Build.0 = Debug|Any CPU
		{B838CF15-0740-4BFD-97EF-A48B40404DA0}.Release|Any CPU.ActiveCfg = Release|Any CPU
		{B838CF15-0740-4BFD-97EF-A48B40404DA0}.Release|Any CPU.Build.0 = Release|Any CPU
	EndGlobalSection
	GlobalSection(SolutionProperties) = preSolution
		HideSolutionNode = FALSE
	EndGlobalSection
	GlobalSection(ExtensibilityGlobals) = postSolution
		SolutionGuid = {4555A1EC-590D-4DDF-AFAD-CE878673BFFD}
	EndGlobalSection
EndGlobal
